// !$*UTF8*$!
{
	archiveVersion = 1;
	classes = {
	};
	objectVersion = 56;
	objects = {

/* Begin PBXBuildFile section */
		F81D3E712CC82AD2006FC80B /* TestView.swift in Sources */ = {isa = PBXBuildFile; fileRef = F81D3E702CC82AD2006FC80B /* TestView.swift */; };
		F853FA5B2CC8396F0094BC0F /* 52 Card Pick up in Resources */ = {isa = PBXBuildFile; fileRef = F853FA5A2CC8396F0094BC0F /* 52 Card Pick up */; };
		F85523022CC1DCE800E2DE01 /* Osmosis491App.swift in Sources */ = {isa = PBXBuildFile; fileRef = F85523012CC1DCE800E2DE01 /* Osmosis491App.swift */; };
		F85523042CC1DCE800E2DE01 /* ContentView.swift in Sources */ = {isa = PBXBuildFile; fileRef = F85523032CC1DCE800E2DE01 /* ContentView.swift */; };
		F85523062CC1DCE900E2DE01 /* Assets.xcassets in Resources */ = {isa = PBXBuildFile; fileRef = F85523052CC1DCE900E2DE01 /* Assets.xcassets */; };
		F85523092CC1DCE900E2DE01 /* Preview Assets.xcassets in Resources */ = {isa = PBXBuildFile; fileRef = F85523082CC1DCE900E2DE01 /* Preview Assets.xcassets */; };
		F85523102CC1DD9B00E2DE01 /* tan-mon-cheri.ttf in Resources */ = {isa = PBXBuildFile; fileRef = F855230F2CC1DD9B00E2DE01 /* tan-mon-cheri.ttf */; };
		F85523132CC774E300E2DE01 /* MenuView.swift in Sources */ = {isa = PBXBuildFile; fileRef = F85523122CC774E300E2DE01 /* MenuView.swift */; };
		F85523152CC7750900E2DE01 /* GameView.swift in Sources */ = {isa = PBXBuildFile; fileRef = F85523142CC7750900E2DE01 /* GameView.swift */; };
		F85523172CC7752000E2DE01 /* InstructionsView.swift in Sources */ = {isa = PBXBuildFile; fileRef = F85523162CC7752000E2DE01 /* InstructionsView.swift */; };
		F8BDB1312CC8C5B4002B2C1D /* CardView.swift in Sources */ = {isa = PBXBuildFile; fileRef = F8BDB1302CC8C5B4002B2C1D /* CardView.swift */; };
		F8BDB1332CC8C5C6002B2C1D /* EmptyPileView.swift in Sources */ = {isa = PBXBuildFile; fileRef = F8BDB1322CC8C5C6002B2C1D /* EmptyPileView.swift */; };
		F8BDB1372CC8C601002B2C1D /* Color+Hex.swift in Sources */ = {isa = PBXBuildFile; fileRef = F8BDB1362CC8C601002B2C1D /* Color+Hex.swift */; };
		F8BDB1392CC8C611002B2C1D /* GameViewModel.swift in Sources */ = {isa = PBXBuildFile; fileRef = F8BDB1382CC8C611002B2C1D /* GameViewModel.swift */; };
		F8E1169F2CC776BA00619605 /* Card.swift in Sources */ = {isa = PBXBuildFile; fileRef = F8E1169E2CC776BA00619605 /* Card.swift */; };
/* End PBXBuildFile section */

/* Begin PBXFileReference section */
		F81D3E702CC82AD2006FC80B /* TestView.swift */ = {isa = PBXFileReference; lastKnownFileType = sourcecode.swift; path = TestView.swift; sourceTree = "<group>"; };
		F853FA5A2CC8396F0094BC0F /* 52 Card Pick up */ = {isa = PBXFileReference; lastKnownFileType = folder; path = "52 Card Pick up"; sourceTree = "<group>"; };
		F85522FE2CC1DCE800E2DE01 /* Osmosis491.app */ = {isa = PBXFileReference; explicitFileType = wrapper.application; includeInIndex = 0; path = Osmosis491.app; sourceTree = BUILT_PRODUCTS_DIR; };
		F85523012CC1DCE800E2DE01 /* Osmosis491App.swift */ = {isa = PBXFileReference; lastKnownFileType = sourcecode.swift; path = Osmosis491App.swift; sourceTree = "<group>"; };
		F85523032CC1DCE800E2DE01 /* ContentView.swift */ = {isa = PBXFileReference; lastKnownFileType = sourcecode.swift; path = ContentView.swift; sourceTree = "<group>"; };
		F85523052CC1DCE900E2DE01 /* Assets.xcassets */ = {isa = PBXFileReference; lastKnownFileType = folder.assetcatalog; path = Assets.xcassets; sourceTree = "<group>"; };
		F85523082CC1DCE900E2DE01 /* Preview Assets.xcassets */ = {isa = PBXFileReference; lastKnownFileType = folder.assetcatalog; path = "Preview Assets.xcassets"; sourceTree = "<group>"; };
		F855230F2CC1DD9B00E2DE01 /* tan-mon-cheri.ttf */ = {isa = PBXFileReference; lastKnownFileType = file; path = "tan-mon-cheri.ttf"; sourceTree = "<group>"; };
		F85523112CC1DDAD00E2DE01 /* Info.plist */ = {isa = PBXFileReference; lastKnownFileType = text.plist; path = Info.plist; sourceTree = "<group>"; };
		F85523122CC774E300E2DE01 /* MenuView.swift */ = {isa = PBXFileReference; lastKnownFileType = sourcecode.swift; path = MenuView.swift; sourceTree = "<group>"; };
		F85523142CC7750900E2DE01 /* GameView.swift */ = {isa = PBXFileReference; lastKnownFileType = sourcecode.swift; path = GameView.swift; sourceTree = "<group>"; };
		F85523162CC7752000E2DE01 /* InstructionsView.swift */ = {isa = PBXFileReference; lastKnownFileType = sourcecode.swift; path = InstructionsView.swift; sourceTree = "<group>"; };
		F8BDB1302CC8C5B4002B2C1D /* CardView.swift */ = {isa = PBXFileReference; lastKnownFileType = sourcecode.swift; path = CardView.swift; sourceTree = "<group>"; };
		F8BDB1322CC8C5C6002B2C1D /* EmptyPileView.swift */ = {isa = PBXFileReference; lastKnownFileType = sourcecode.swift; path = EmptyPileView.swift; sourceTree = "<group>"; };
		F8BDB1362CC8C601002B2C1D /* Color+Hex.swift */ = {isa = PBXFileReference; lastKnownFileType = sourcecode.swift; path = "Color+Hex.swift"; sourceTree = "<group>"; };
		F8BDB1382CC8C611002B2C1D /* GameViewModel.swift */ = {isa = PBXFileReference; lastKnownFileType = sourcecode.swift; path = GameViewModel.swift; sourceTree = "<group>"; };
		F8E1169E2CC776BA00619605 /* Card.swift */ = {isa = PBXFileReference; lastKnownFileType = sourcecode.swift; path = Card.swift; sourceTree = "<group>"; };
/* End PBXFileReference section */

/* Begin PBXFrameworksBuildPhase section */
		F85522FB2CC1DCE800E2DE01 /* Frameworks */ = {
			isa = PBXFrameworksBuildPhase;
			buildActionMask = 2147483647;
			files = (
			);
			runOnlyForDeploymentPostprocessing = 0;
		};
/* End PBXFrameworksBuildPhase section */

/* Begin PBXGroup section */
		F85522F52CC1DCE800E2DE01 = {
			isa = PBXGroup;
			children = (
				F85523002CC1DCE800E2DE01 /* Osmosis491 */,
				F85522FF2CC1DCE800E2DE01 /* Products */,
			);
			sourceTree = "<group>";
		};
		F85522FF2CC1DCE800E2DE01 /* Products */ = {
			isa = PBXGroup;
			children = (
				F85522FE2CC1DCE800E2DE01 /* Osmosis491.app */,
			);
			name = Products;
			sourceTree = "<group>";
		};
		F85523002CC1DCE800E2DE01 /* Osmosis491 */ = {
			isa = PBXGroup;
			children = (
				F85523112CC1DDAD00E2DE01 /* Info.plist */,
				F85523012CC1DCE800E2DE01 /* Osmosis491App.swift */,
				F85523122CC774E300E2DE01 /* MenuView.swift */,
				F81D3E702CC82AD2006FC80B /* TestView.swift */,
				F85523142CC7750900E2DE01 /* GameView.swift */,
				F8BDB1382CC8C611002B2C1D /* GameViewModel.swift */,
				F8BDB1362CC8C601002B2C1D /* Color+Hex.swift */,
				F8E1169E2CC776BA00619605 /* Card.swift */,
				F8BDB1302CC8C5B4002B2C1D /* CardView.swift */,
				F8BDB1322CC8C5C6002B2C1D /* EmptyPileView.swift */,
				F85523162CC7752000E2DE01 /* InstructionsView.swift */,
				F85523032CC1DCE800E2DE01 /* ContentView.swift */,
				F85523052CC1DCE900E2DE01 /* Assets.xcassets */,
				F855230F2CC1DD9B00E2DE01 /* tan-mon-cheri.ttf */,
				F853FA5A2CC8396F0094BC0F /* 52 Card Pick up */,
				F85523072CC1DCE900E2DE01 /* Preview Content */,
			);
			path = Osmosis491;
			sourceTree = "<group>";
		};
		F85523072CC1DCE900E2DE01 /* Preview Content */ = {
			isa = PBXGroup;
			children = (
				F85523082CC1DCE900E2DE01 /* Preview Assets.xcassets */,
			);
			path = "Preview Content";
			sourceTree = "<group>";
		};
/* End PBXGroup section */

/* Begin PBXNativeTarget section */
		F85522FD2CC1DCE800E2DE01 /* Osmosis491 */ = {
			isa = PBXNativeTarget;
			buildConfigurationList = F855230C2CC1DCE900E2DE01 /* Build configuration list for PBXNativeTarget "Osmosis491" */;
			buildPhases = (
				F85522FA2CC1DCE800E2DE01 /* Sources */,
				F85522FB2CC1DCE800E2DE01 /* Frameworks */,
				F85522FC2CC1DCE800E2DE01 /* Resources */,
			);
			buildRules = (
			);
			dependencies = (
			);
			name = Osmosis491;
			productName = Osmosis491;
			productReference = F85522FE2CC1DCE800E2DE01 /* Osmosis491.app */;
			productType = "com.apple.product-type.application";
		};
/* End PBXNativeTarget section */

/* Begin PBXProject section */
		F85522F62CC1DCE800E2DE01 /* Project object */ = {
			isa = PBXProject;
			attributes = {
				BuildIndependentTargetsInParallel = 1;
				LastSwiftUpdateCheck = 1420;
				LastUpgradeCheck = 1420;
				TargetAttributes = {
					F85522FD2CC1DCE800E2DE01 = {
						CreatedOnToolsVersion = 14.2;
					};
				};
			};
			buildConfigurationList = F85522F92CC1DCE800E2DE01 /* Build configuration list for PBXProject "Osmosis491" */;
			compatibilityVersion = "Xcode 14.0";
			developmentRegion = en;
			hasScannedForEncodings = 0;
			knownRegions = (
				en,
				Base,
			);
			mainGroup = F85522F52CC1DCE800E2DE01;
			productRefGroup = F85522FF2CC1DCE800E2DE01 /* Products */;
			projectDirPath = "";
			projectRoot = "";
			targets = (
				F85522FD2CC1DCE800E2DE01 /* Osmosis491 */,
			);
		};
/* End PBXProject section */

/* Begin PBXResourcesBuildPhase section */
		F85522FC2CC1DCE800E2DE01 /* Resources */ = {
			isa = PBXResourcesBuildPhase;
			buildActionMask = 2147483647;
			files = (
				F853FA5B2CC8396F0094BC0F /* 52 Card Pick up in Resources */,
				F85523092CC1DCE900E2DE01 /* Preview Assets.xcassets in Resources */,
				F85523062CC1DCE900E2DE01 /* Assets.xcassets in Resources */,
				F85523102CC1DD9B00E2DE01 /* tan-mon-cheri.ttf in Resources */,
			);
			runOnlyForDeploymentPostprocessing = 0;
		};
/* End PBXResourcesBuildPhase section */

/* Begin PBXSourcesBuildPhase section */
		F85522FA2CC1DCE800E2DE01 /* Sources */ = {
			isa = PBXSourcesBuildPhase;
			buildActionMask = 2147483647;
			files = (
				F8BDB1312CC8C5B4002B2C1D /* CardView.swift in Sources */,
				F8BDB1332CC8C5C6002B2C1D /* EmptyPileView.swift in Sources */,
				F85523042CC1DCE800E2DE01 /* ContentView.swift in Sources */,
				F8BDB1392CC8C611002B2C1D /* GameViewModel.swift in Sources */,
				F8E1169F2CC776BA00619605 /* Card.swift in Sources */,
				F85523172CC7752000E2DE01 /* InstructionsView.swift in Sources */,
				F81D3E712CC82AD2006FC80B /* TestView.swift in Sources */,
				F85523132CC774E300E2DE01 /* MenuView.swift in Sources */,
				F85523152CC7750900E2DE01 /* GameView.swift in Sources */,
				F8BDB1372CC8C601002B2C1D /* Color+Hex.swift in Sources */,
				F85523022CC1DCE800E2DE01 /* Osmosis491App.swift in Sources */,
			);
			runOnlyForDeploymentPostprocessing = 0;
		};
/* End PBXSourcesBuildPhase section */

/* Begin XCBuildConfiguration section */
		F855230A2CC1DCE900E2DE01 /* Debug */ = {
			isa = XCBuildConfiguration;
			buildSettings = {
				ALWAYS_SEARCH_USER_PATHS = NO;
				CLANG_ANALYZER_NONNULL = YES;
				CLANG_ANALYZER_NUMBER_OBJECT_CONVERSION = YES_AGGRESSIVE;
				CLANG_CXX_LANGUAGE_STANDARD = "gnu++20";
				CLANG_ENABLE_MODULES = YES;
				CLANG_ENABLE_OBJC_ARC = YES;
				CLANG_ENABLE_OBJC_WEAK = YES;
				CLANG_WARN_BLOCK_CAPTURE_AUTORELEASING = YES;
				CLANG_WARN_BOOL_CONVERSION = YES;
				CLANG_WARN_COMMA = YES;
				CLANG_WARN_CONSTANT_CONVERSION = YES;
				CLANG_WARN_DEPRECATED_OBJC_IMPLEMENTATIONS = YES;
				CLANG_WARN_DIRECT_OBJC_ISA_USAGE = YES_ERROR;
				CLANG_WARN_DOCUMENTATION_COMMENTS = YES;
				CLANG_WARN_EMPTY_BODY = YES;
				CLANG_WARN_ENUM_CONVERSION = YES;
				CLANG_WARN_INFINITE_RECURSION = YES;
				CLANG_WARN_INT_CONVERSION = YES;
				CLANG_WARN_NON_LITERAL_NULL_CONVERSION = YES;
				CLANG_WARN_OBJC_IMPLICIT_RETAIN_SELF = YES;
				CLANG_WARN_OBJC_LITERAL_CONVERSION = YES;
				CLANG_WARN_OBJC_ROOT_CLASS = YES_ERROR;
				CLANG_WARN_QUOTED_INCLUDE_IN_FRAMEWORK_HEADER = YES;
				CLANG_WARN_RANGE_LOOP_ANALYSIS = YES;
				CLANG_WARN_STRICT_PROTOTYPES = YES;
				CLANG_WARN_SUSPICIOUS_MOVE = YES;
				CLANG_WARN_UNGUARDED_AVAILABILITY = YES_AGGRESSIVE;
				CLANG_WARN_UNREACHABLE_CODE = YES;
				CLANG_WARN__DUPLICATE_METHOD_MATCH = YES;
				COPY_PHASE_STRIP = NO;
				DEBUG_INFORMATION_FORMAT = dwarf;
				ENABLE_STRICT_OBJC_MSGSEND = YES;
				ENABLE_TESTABILITY = YES;
				GCC_C_LANGUAGE_STANDARD = gnu11;
				GCC_DYNAMIC_NO_PIC = NO;
				GCC_NO_COMMON_BLOCKS = YES;
				GCC_OPTIMIZATION_LEVEL = 0;
				GCC_PREPROCESSOR_DEFINITIONS = (
					"DEBUG=1",
					"$(inherited)",
				);
				GCC_WARN_64_TO_32_BIT_CONVERSION = YES;
				GCC_WARN_ABOUT_RETURN_TYPE = YES_ERROR;
				GCC_WARN_UNDECLARED_SELECTOR = YES;
				GCC_WARN_UNINITIALIZED_AUTOS = YES_AGGRESSIVE;
				GCC_WARN_UNUSED_FUNCTION = YES;
				GCC_WARN_UNUSED_VARIABLE = YES;
				IPHONEOS_DEPLOYMENT_TARGET = 16.2;
				MTL_ENABLE_DEBUG_INFO = INCLUDE_SOURCE;
				MTL_FAST_MATH = YES;
				ONLY_ACTIVE_ARCH = YES;
				SDKROOT = iphoneos;
				SWIFT_ACTIVE_COMPILATION_CONDITIONS = DEBUG;
				SWIFT_OPTIMIZATION_LEVEL = "-Onone";
			};
			name = Debug;
		};
		F855230B2CC1DCE900E2DE01 /* Release */ = {
			isa = XCBuildConfiguration;
			buildSettings = {
				ALWAYS_SEARCH_USER_PATHS = NO;
				CLANG_ANALYZER_NONNULL = YES;
				CLANG_ANALYZER_NUMBER_OBJECT_CONVERSION = YES_AGGRESSIVE;
				CLANG_CXX_LANGUAGE_STANDARD = "gnu++20";
				CLANG_ENABLE_MODULES = YES;
				CLANG_ENABLE_OBJC_ARC = YES;
				CLANG_ENABLE_OBJC_WEAK = YES;
				CLANG_WARN_BLOCK_CAPTURE_AUTORELEASING = YES;
				CLANG_WARN_BOOL_CONVERSION = YES;
				CLANG_WARN_COMMA = YES;
				CLANG_WARN_CONSTANT_CONVERSION = YES;
				CLANG_WARN_DEPRECATED_OBJC_IMPLEMENTATIONS = YES;
				CLANG_WARN_DIRECT_OBJC_ISA_USAGE = YES_ERROR;
				CLANG_WARN_DOCUMENTATION_COMMENTS = YES;
				CLANG_WARN_EMPTY_BODY = YES;
				CLANG_WARN_ENUM_CONVERSION = YES;
				CLANG_WARN_INFINITE_RECURSION = YES;
				CLANG_WARN_INT_CONVERSION = YES;
				CLANG_WARN_NON_LITERAL_NULL_CONVERSION = YES;
				CLANG_WARN_OBJC_IMPLICIT_RETAIN_SELF = YES;
				CLANG_WARN_OBJC_LITERAL_CONVERSION = YES;
				CLANG_WARN_OBJC_ROOT_CLASS = YES_ERROR;
				CLANG_WARN_QUOTED_INCLUDE_IN_FRAMEWORK_HEADER = YES;
				CLANG_WARN_RANGE_LOOP_ANALYSIS = YES;
				CLANG_WARN_STRICT_PROTOTYPES = YES;
				CLANG_WARN_SUSPICIOUS_MOVE = YES;
				CLANG_WARN_UNGUARDED_AVAILABILITY = YES_AGGRESSIVE;
				CLANG_WARN_UNREACHABLE_CODE = YES;
				CLANG_WARN__DUPLICATE_METHOD_MATCH = YES;
				COPY_PHASE_STRIP = NO;
				DEBUG_INFORMATION_FORMAT = "dwarf-with-dsym";
				ENABLE_NS_ASSERTIONS = NO;
				ENABLE_STRICT_OBJC_MSGSEND = YES;
				GCC_C_LANGUAGE_STANDARD = gnu11;
				GCC_NO_COMMON_BLOCKS = YES;
				GCC_WARN_64_TO_32_BIT_CONVERSION = YES;
				GCC_WARN_ABOUT_RETURN_TYPE = YES_ERROR;
				GCC_WARN_UNDECLARED_SELECTOR = YES;
				GCC_WARN_UNINITIALIZED_AUTOS = YES_AGGRESSIVE;
				GCC_WARN_UNUSED_FUNCTION = YES;
				GCC_WARN_UNUSED_VARIABLE = YES;
				IPHONEOS_DEPLOYMENT_TARGET = 16.2;
				MTL_ENABLE_DEBUG_INFO = NO;
				MTL_FAST_MATH = YES;
				SDKROOT = iphoneos;
				SWIFT_COMPILATION_MODE = wholemodule;
				SWIFT_OPTIMIZATION_LEVEL = "-O";
				VALIDATE_PRODUCT = YES;
			};
			name = Release;
		};
		F855230D2CC1DCE900E2DE01 /* Debug */ = {
			isa = XCBuildConfiguration;
			buildSettings = {
				ASSETCATALOG_COMPILER_APPICON_NAME = AppIcon;
				ASSETCATALOG_COMPILER_GLOBAL_ACCENT_COLOR_NAME = AccentColor;
				CODE_SIGN_STYLE = Automatic;
				CURRENT_PROJECT_VERSION = 1;
				DEVELOPMENT_ASSET_PATHS = "\"Osmosis491/Preview Content\"";
				ENABLE_PREVIEWS = YES;
				GENERATE_INFOPLIST_FILE = YES;
				INFOPLIST_FILE = Osmosis491/Info.plist;
				INFOPLIST_KEY_UIApplicationSceneManifest_Generation = YES;
				INFOPLIST_KEY_UIApplicationSupportsIndirectInputEvents = YES;
				INFOPLIST_KEY_UILaunchScreen_Generation = YES;
				INFOPLIST_KEY_UISupportedInterfaceOrientations_iPad = "UIInterfaceOrientationPortrait UIInterfaceOrientationPortraitUpsideDown UIInterfaceOrientationLandscapeLeft UIInterfaceOrientationLandscapeRight";
				INFOPLIST_KEY_UISupportedInterfaceOrientations_iPhone = "UIInterfaceOrientationPortrait UIInterfaceOrientationLandscapeLeft UIInterfaceOrientationLandscapeRight";
				LD_RUNPATH_SEARCH_PATHS = (
					"$(inherited)",
					"@executable_path/Frameworks",
				);
				MARKETING_VERSION = 1.0;
				PRODUCT_BUNDLE_IDENTIFIER = cpsc491.Osmosis491;
				PRODUCT_NAME = "$(TARGET_NAME)";
				SWIFT_EMIT_LOC_STRINGS = YES;
				SWIFT_VERSION = 5.0;
				TARGETED_DEVICE_FAMILY = "1,2";
			};
			name = Debug;
		};
		F855230E2CC1DCE900E2DE01 /* Release */ = {
			isa = XCBuildConfiguration;
			buildSettings = {
				ASSETCATALOG_COMPILER_APPICON_NAME = AppIcon;
				ASSETCATALOG_COMPILER_GLOBAL_ACCENT_COLOR_NAME = AccentColor;
				CODE_SIGN_STYLE = Automatic;
				CURRENT_PROJECT_VERSION = 1;
				DEVELOPMENT_ASSET_PATHS = "\"Osmosis491/Preview Content\"";
				ENABLE_PREVIEWS = YES;
				GENERATE_INFOPLIST_FILE = YES;
				INFOPLIST_FILE = Osmosis491/Info.plist;
				INFOPLIST_KEY_UIApplicationSceneManifest_Generation = YES;
				INFOPLIST_KEY_UIApplicationSupportsIndirectInputEvents = YES;
				INFOPLIST_KEY_UILaunchScreen_Generation = YES;
				INFOPLIST_KEY_UISupportedInterfaceOrientations_iPad = "UIInterfaceOrientationPortrait UIInterfaceOrientationPortraitUpsideDown UIInterfaceOrientationLandscapeLeft UIInterfaceOrientationLandscapeRight";
				INFOPLIST_KEY_UISupportedInterfaceOrientations_iPhone = "UIInterfaceOrientationPortrait UIInterfaceOrientationLandscapeLeft UIInterfaceOrientationLandscapeRight";
				LD_RUNPATH_SEARCH_PATHS = (
					"$(inherited)",
					"@executable_path/Frameworks",
				);
				MARKETING_VERSION = 1.0;
				PRODUCT_BUNDLE_IDENTIFIER = cpsc491.Osmosis491;
				PRODUCT_NAME = "$(TARGET_NAME)";
				SWIFT_EMIT_LOC_STRINGS = YES;
				SWIFT_VERSION = 5.0;
				TARGETED_DEVICE_FAMILY = "1,2";
			};
			name = Release;
		};
/* End XCBuildConfiguration section */

/* Begin XCConfigurationList section */
		F85522F92CC1DCE800E2DE01 /* Build configuration list for PBXProject "Osmosis491" */ = {
			isa = XCConfigurationList;
			buildConfigurations = (
				F855230A2CC1DCE900E2DE01 /* Debug */,
				F855230B2CC1DCE900E2DE01 /* Release */,
			);
			defaultConfigurationIsVisible = 0;
			defaultConfigurationName = Release;
		};
		F855230C2CC1DCE900E2DE01 /* Build configuration list for PBXNativeTarget "Osmosis491" */ = {
			isa = XCConfigurationList;
			buildConfigurations = (
				F855230D2CC1DCE900E2DE01 /* Debug */,
				F855230E2CC1DCE900E2DE01 /* Release */,
			);
			defaultConfigurationIsVisible = 0;
			defaultConfigurationName = Release;
		};
/* End XCConfigurationList section */
	};
	rootObject = F85522F62CC1DCE800E2DE01 /* Project object */;
}
